
Microsoft Visual Studio Solution File, Format Version 12.00
# Visual Studio Version 17
VisualStudioVersion = 17.6.33723.286
MinimumVisualStudioVersion = 10.0.40219.1
Project("{FAE04EC0-301F-11D3-BF4B-00C04F79EFBC}") = "ApiTeste", "ApiTeste\ApiTeste.csproj", "{AE0B0E72-B623-4B16-A64B-E81765179C68}"
EndProject
Global
	GlobalSection(SolutionConfigurationPlatforms) = preSolution
		Debug|Any CPU = Debug|Any CPU
		Release|Any CPU = Release|Any CPU
	EndGlobalSection
	GlobalSection(ProjectConfigurationPlatforms) = postSolution
		{AE0B0E72-B623-4B16-A64B-E81765179C68}.Debug|Any CPU.ActiveCfg = Debug|Any CPU
		{AE0B0E72-B623-4B16-A64B-E81765179C68}.Debug|Any CPU.Build.0 = Debug|Any CPU
		{AE0B0E72-B623-4B16-A64B-E81765179C68}.Release|Any CPU.ActiveCfg = Release|Any CPU
		{AE0B0E72-B623-4B16-A64B-E81765179C68}.Release|Any CPU.Build.0 = Release|Any CPU
	EndGlobalSection
	GlobalSection(SolutionProperties) = preSolution
		HideSolutionNode = FALSE
	EndGlobalSection
	GlobalSection(ExtensibilityGlobals) = postSolution
		SolutionGuid = {B2B2577B-D22D-4C4C-B1B1-C6F7FEC20BB2}
	EndGlobalSection
EndGlobal
